
Microsoft Visual Studio Solution File, Format Version 12.00
# Visual Studio Version 17
VisualStudioVersion = 17.6.33815.320
MinimumVisualStudioVersion = 10.0.40219.1
Project("{FAE04EC0-301F-11D3-BF4B-00C04F79EFBC}") = "EMedicineBE", "EMedicineBE.csproj", "{B3C858AD-4C7C-44C7-AF1C-B862BB737844}"
EndProject
Global
	GlobalSection(SolutionConfigurationPlatforms) = preSolution
		Debug|Any CPU = Debug|Any CPU
		Release|Any CPU = Release|Any CPU
	EndGlobalSection
	GlobalSection(ProjectConfigurationPlatforms) = postSolution
		{B3C858AD-4C7C-44C7-AF1C-B862BB737844}.Debug|Any CPU.ActiveCfg = Debug|Any CPU
		{B3C858AD-4C7C-44C7-AF1C-B862BB737844}.Debug|Any CPU.Build.0 = Debug|Any CPU
		{B3C858AD-4C7C-44C7-AF1C-B862BB737844}.Release|Any CPU.ActiveCfg = Release|Any CPU
		{B3C858AD-4C7C-44C7-AF1C-B862BB737844}.Release|Any CPU.Build.0 = Release|Any CPU
	EndGlobalSection
	GlobalSection(SolutionProperties) = preSolution
		HideSolutionNode = FALSE
	EndGlobalSection
	GlobalSection(ExtensibilityGlobals) = postSolution
		SolutionGuid = {169D2AA7-8312-4598-8DD2-1AF2F5F744E6}
	EndGlobalSection
EndGlobal
